
Microsoft Visual Studio Solution File, Format Version 12.00
# Visual Studio Version 17
VisualStudioVersion = 17.12.35527.113 d17.12
MinimumVisualStudioVersion = 10.0.40219.1
Project("{FAE04EC0-301F-11D3-BF4B-00C04F79EFBC}") = "MAwebMVC", "MAwebMVC\MAwebMVC.csproj", "{D561D894-5A17-4318-AF3B-27D7C448998D}"
EndProject
Project("{FAE04EC0-301F-11D3-BF4B-00C04F79EFBC}") = "MAclaseAPI", "MAclaseAPI\MAclaseAPI.csproj", "{D05A7368-655B-4192-90D7-1FF1BEF07C02}"
EndProject
Global
	GlobalSection(SolutionConfigurationPlatforms) = preSolution
		Debug|Any CPU = Debug|Any CPU
		Release|Any CPU = Release|Any CPU
	EndGlobalSection
	GlobalSection(ProjectConfigurationPlatforms) = postSolution
		{D561D894-5A17-4318-AF3B-27D7C448998D}.Debug|Any CPU.ActiveCfg = Debug|Any CPU
		{D561D894-5A17-4318-AF3B-27D7C448998D}.Debug|Any CPU.Build.0 = Debug|Any CPU
		{D561D894-5A17-4318-AF3B-27D7C448998D}.Release|Any CPU.ActiveCfg = Release|Any CPU
		{D561D894-5A17-4318-AF3B-27D7C448998D}.Release|Any CPU.Build.0 = Release|Any CPU
		{D05A7368-655B-4192-90D7-1FF1BEF07C02}.Debug|Any CPU.ActiveCfg = Debug|Any CPU
		{D05A7368-655B-4192-90D7-1FF1BEF07C02}.Debug|Any CPU.Build.0 = Debug|Any CPU
		{D05A7368-655B-4192-90D7-1FF1BEF07C02}.Release|Any CPU.ActiveCfg = Release|Any CPU
		{D05A7368-655B-4192-90D7-1FF1BEF07C02}.Release|Any CPU.Build.0 = Release|Any CPU
	EndGlobalSection
	GlobalSection(SolutionProperties) = preSolution
		HideSolutionNode = FALSE
	EndGlobalSection
EndGlobal
